
Microsoft Visual Studio Solution File, Format Version 12.00
# Visual Studio Version 16
VisualStudioVersion = 16.0.29503.13
MinimumVisualStudioVersion = 10.0.40219.1
Project("{FAE04EC0-301F-11D3-BF4B-00C04F79EFBC}") = "ExerciseDiamond", "ExerciseDiamond\ExerciseDiamond.csproj", "{47160368-D8CB-4265-9554-717132EB7134}"
EndProject
Global
	GlobalSection(SolutionConfigurationPlatforms) = preSolution
		Debug|Any CPU = Debug|Any CPU
		Release|Any CPU = Release|Any CPU
	EndGlobalSection
	GlobalSection(ProjectConfigurationPlatforms) = postSolution
		{47160368-D8CB-4265-9554-717132EB7134}.Debug|Any CPU.ActiveCfg = Debug|Any CPU
		{47160368-D8CB-4265-9554-717132EB7134}.Debug|Any CPU.Build.0 = Debug|Any CPU
		{47160368-D8CB-4265-9554-717132EB7134}.Release|Any CPU.ActiveCfg = Release|Any CPU
		{47160368-D8CB-4265-9554-717132EB7134}.Release|Any CPU.Build.0 = Release|Any CPU
	EndGlobalSection
	GlobalSection(SolutionProperties) = preSolution
		HideSolutionNode = FALSE
	EndGlobalSection
	GlobalSection(ExtensibilityGlobals) = postSolution
		SolutionGuid = {7E9DF34D-59DB-4BE9-AA07-935908F8777C}
	EndGlobalSection
EndGlobal
